
Microsoft Visual Studio Solution File, Format Version 12.00
# Visual Studio 14
VisualStudioVersion = 14.0.24720.0
MinimumVisualStudioVersion = 10.0.40219.1
Project("{FAE04EC0-301F-11D3-BF4B-00C04F79EFBC}") = "PropertyBinder", "PropertyBinder\PropertyBinder.csproj", "{C5B0E4FA-9B98-4FD3-A650-782161655466}"
EndProject
Project("{FAE04EC0-301F-11D3-BF4B-00C04F79EFBC}") = "PropertyBinder.Tests", "PropertyBinder.Tests\PropertyBinder.Tests.csproj", "{1FB986BC-85CD-46DD-811F-A34A8ADD36FC}"
EndProject
Project("{FAE04EC0-301F-11D3-BF4B-00C04F79EFBC}") = "PropertyBinder.Experiments", "PropertyBinder.Experiments\PropertyBinder.Experiments.csproj", "{660408E7-F29F-4D3A-9A6C-F50CD989AABB}"
EndProject
Global
	GlobalSection(SolutionConfigurationPlatforms) = preSolution
		Debug|Any CPU = Debug|Any CPU
		Release|Any CPU = Release|Any CPU
	EndGlobalSection
	GlobalSection(ProjectConfigurationPlatforms) = postSolution
		{C5B0E4FA-9B98-4FD3-A650-782161655466}.Debug|Any CPU.ActiveCfg = Debug|Any CPU
		{C5B0E4FA-9B98-4FD3-A650-782161655466}.Debug|Any CPU.Build.0 = Debug|Any CPU
		{C5B0E4FA-9B98-4FD3-A650-782161655466}.Release|Any CPU.ActiveCfg = Release|Any CPU
		{C5B0E4FA-9B98-4FD3-A650-782161655466}.Release|Any CPU.Build.0 = Release|Any CPU
		{1FB986BC-85CD-46DD-811F-A34A8ADD36FC}.Debug|Any CPU.ActiveCfg = Debug|Any CPU
		{1FB986BC-85CD-46DD-811F-A34A8ADD36FC}.Debug|Any CPU.Build.0 = Debug|Any CPU
		{1FB986BC-85CD-46DD-811F-A34A8ADD36FC}.Release|Any CPU.ActiveCfg = Release|Any CPU
		{1FB986BC-85CD-46DD-811F-A34A8ADD36FC}.Release|Any CPU.Build.0 = Release|Any CPU
		{660408E7-F29F-4D3A-9A6C-F50CD989AABB}.Debug|Any CPU.ActiveCfg = Debug|Any CPU
		{660408E7-F29F-4D3A-9A6C-F50CD989AABB}.Debug|Any CPU.Build.0 = Debug|Any CPU
		{660408E7-F29F-4D3A-9A6C-F50CD989AABB}.Release|Any CPU.ActiveCfg = Release|Any CPU
		{660408E7-F29F-4D3A-9A6C-F50CD989AABB}.Release|Any CPU.Build.0 = Release|Any CPU
	EndGlobalSection
	GlobalSection(SolutionProperties) = preSolution
		HideSolutionNode = FALSE
	EndGlobalSection
EndGlobal
