
Microsoft Visual Studio Solution File, Format Version 12.00
# Visual Studio Version 16
VisualStudioVersion = 16.0.30804.86
MinimumVisualStudioVersion = 10.0.40219.1
Project("{9A19103F-16F7-4668-BE54-9A1E7A4F7556}") = "PropertyBinder", "PropertyBinder\PropertyBinder.csproj", "{C5B0E4FA-9B98-4FD3-A650-782161655466}"
EndProject
Project("{9A19103F-16F7-4668-BE54-9A1E7A4F7556}") = "PropertyBinder.Tests", "PropertyBinder.Tests\PropertyBinder.Tests.csproj", "{1FB986BC-85CD-46DD-811F-A34A8ADD36FC}"
EndProject
Project("{9A19103F-16F7-4668-BE54-9A1E7A4F7556}") = "PropertyBinder.Experiments", "PropertyBinder.Experiments\PropertyBinder.Experiments.csproj", "{660408E7-F29F-4D3A-9A6C-F50CD989AABB}"
EndProject
Global
	GlobalSection(SolutionConfigurationPlatforms) = preSolution
		Debug|Any CPU = Debug|Any CPU
		Debug|x64 = Debug|x64
		Release|Any CPU = Release|Any CPU
		Release|x64 = Release|x64
	EndGlobalSection
	GlobalSection(ProjectConfigurationPlatforms) = postSolution
		{C5B0E4FA-9B98-4FD3-A650-782161655466}.Debug|Any CPU.ActiveCfg = Debug|Any CPU
		{C5B0E4FA-9B98-4FD3-A650-782161655466}.Debug|Any CPU.Build.0 = Debug|Any CPU
		{C5B0E4FA-9B98-4FD3-A650-782161655466}.Debug|x64.ActiveCfg = Debug|x64
		{C5B0E4FA-9B98-4FD3-A650-782161655466}.Debug|x64.Build.0 = Debug|x64
		{C5B0E4FA-9B98-4FD3-A650-782161655466}.Release|Any CPU.ActiveCfg = Release|Any CPU
		{C5B0E4FA-9B98-4FD3-A650-782161655466}.Release|Any CPU.Build.0 = Release|Any CPU
		{C5B0E4FA-9B98-4FD3-A650-782161655466}.Release|x64.ActiveCfg = Release|x64
		{C5B0E4FA-9B98-4FD3-A650-782161655466}.Release|x64.Build.0 = Release|x64
		{1FB986BC-85CD-46DD-811F-A34A8ADD36FC}.Debug|Any CPU.ActiveCfg = Debug|Any CPU
		{1FB986BC-85CD-46DD-811F-A34A8ADD36FC}.Debug|Any CPU.Build.0 = Debug|Any CPU
		{1FB986BC-85CD-46DD-811F-A34A8ADD36FC}.Debug|x64.ActiveCfg = Debug|x64
		{1FB986BC-85CD-46DD-811F-A34A8ADD36FC}.Debug|x64.Build.0 = Debug|x64
		{1FB986BC-85CD-46DD-811F-A34A8ADD36FC}.Release|Any CPU.ActiveCfg = Release|Any CPU
		{1FB986BC-85CD-46DD-811F-A34A8ADD36FC}.Release|Any CPU.Build.0 = Release|Any CPU
		{1FB986BC-85CD-46DD-811F-A34A8ADD36FC}.Release|x64.ActiveCfg = Release|x64
		{1FB986BC-85CD-46DD-811F-A34A8ADD36FC}.Release|x64.Build.0 = Release|x64
		{660408E7-F29F-4D3A-9A6C-F50CD989AABB}.Debug|Any CPU.ActiveCfg = Debug|Any CPU
		{660408E7-F29F-4D3A-9A6C-F50CD989AABB}.Debug|Any CPU.Build.0 = Debug|Any CPU
		{660408E7-F29F-4D3A-9A6C-F50CD989AABB}.Debug|x64.ActiveCfg = Debug|x64
		{660408E7-F29F-4D3A-9A6C-F50CD989AABB}.Debug|x64.Build.0 = Debug|x64
		{660408E7-F29F-4D3A-9A6C-F50CD989AABB}.Release|Any CPU.ActiveCfg = Release|Any CPU
		{660408E7-F29F-4D3A-9A6C-F50CD989AABB}.Release|Any CPU.Build.0 = Release|Any CPU
		{660408E7-F29F-4D3A-9A6C-F50CD989AABB}.Release|x64.ActiveCfg = Release|x64
		{660408E7-F29F-4D3A-9A6C-F50CD989AABB}.Release|x64.Build.0 = Release|x64
	EndGlobalSection
	GlobalSection(SolutionProperties) = preSolution
		HideSolutionNode = FALSE
	EndGlobalSection
	GlobalSection(ExtensibilityGlobals) = postSolution
		SolutionGuid = {AC21F4B4-1238-4E32-B1C2-393D8EBB9A4E}
	EndGlobalSection
EndGlobal
